
Microsoft Visual Studio Solution File, Format Version 12.00
# Visual Studio Version 16
VisualStudioVersion = 16.0.30804.86
MinimumVisualStudioVersion = 10.0.40219.1
Project("{2150E333-8FDC-42A3-9474-1A3956D46DE8}") = "tests", "tests", "{C095A33A-3DEE-4BD7-A951-96DE2D8CFB36}"
EndProject
Project("{9A19103F-16F7-4668-BE54-9A1E7A4F7556}") = "SortingWebApi", "src\SortingWebApi\SortingWebApi.csproj", "{EAD6A9E3-F523-43BC-BD33-A73FF9D18B8D}"
EndProject
Project("{9A19103F-16F7-4668-BE54-9A1E7A4F7556}") = "SortingWebApi.Integration.Tests", "src\SortingWebApi.Integration.Tests\SortingWebApi.Integration.Tests.csproj", "{A44A53B2-9686-4E08-93EE-B41512A280B6}"
EndProject
Project("{9A19103F-16F7-4668-BE54-9A1E7A4F7556}") = "SortingWebApi.Unit.Tests", "src\SortingWebApi.Unit.Tests\SortingWebApi.Unit.Tests.csproj", "{545B19F4-CB53-47D7-8AF6-B345E0C71F0D}"
EndProject
Project("{9A19103F-16F7-4668-BE54-9A1E7A4F7556}") = "SortAsc.Worker.Service", "src\SortAsc.Worker.Service\SortAsc.Worker.Service.csproj", "{78BCD0F0-72EE-4957-9CC0-A44CB7FEF4E6}"
EndProject
Project("{9A19103F-16F7-4668-BE54-9A1E7A4F7556}") = "SortAsc.Worker.Service.Integration.Tests", "src\SortAsc.Worker.Service.Integration.Tests\SortAsc.Worker.Service.Integration.Tests.csproj", "{BF1209BC-9AE5-44B2-B5A5-AF15545EE699}"
EndProject
Project("{E53339B2-1760-4266-BCC7-CA923CBCF16C}") = "docker-compose", "docker-compose.dcproj", "{057AA342-16AA-4916-A6E0-9EFDE50493D1}"
EndProject
Global
	GlobalSection(SolutionConfigurationPlatforms) = preSolution
		Debug|Any CPU = Debug|Any CPU
		Release|Any CPU = Release|Any CPU
	EndGlobalSection
	GlobalSection(ProjectConfigurationPlatforms) = postSolution
		{EAD6A9E3-F523-43BC-BD33-A73FF9D18B8D}.Debug|Any CPU.ActiveCfg = Debug|Any CPU
		{EAD6A9E3-F523-43BC-BD33-A73FF9D18B8D}.Debug|Any CPU.Build.0 = Debug|Any CPU
		{EAD6A9E3-F523-43BC-BD33-A73FF9D18B8D}.Release|Any CPU.ActiveCfg = Release|Any CPU
		{EAD6A9E3-F523-43BC-BD33-A73FF9D18B8D}.Release|Any CPU.Build.0 = Release|Any CPU
		{A44A53B2-9686-4E08-93EE-B41512A280B6}.Debug|Any CPU.ActiveCfg = Debug|Any CPU
		{A44A53B2-9686-4E08-93EE-B41512A280B6}.Debug|Any CPU.Build.0 = Debug|Any CPU
		{A44A53B2-9686-4E08-93EE-B41512A280B6}.Release|Any CPU.ActiveCfg = Release|Any CPU
		{A44A53B2-9686-4E08-93EE-B41512A280B6}.Release|Any CPU.Build.0 = Release|Any CPU
		{545B19F4-CB53-47D7-8AF6-B345E0C71F0D}.Debug|Any CPU.ActiveCfg = Debug|Any CPU
		{545B19F4-CB53-47D7-8AF6-B345E0C71F0D}.Debug|Any CPU.Build.0 = Debug|Any CPU
		{545B19F4-CB53-47D7-8AF6-B345E0C71F0D}.Release|Any CPU.ActiveCfg = Release|Any CPU
		{545B19F4-CB53-47D7-8AF6-B345E0C71F0D}.Release|Any CPU.Build.0 = Release|Any CPU
		{78BCD0F0-72EE-4957-9CC0-A44CB7FEF4E6}.Debug|Any CPU.ActiveCfg = Debug|Any CPU
		{78BCD0F0-72EE-4957-9CC0-A44CB7FEF4E6}.Debug|Any CPU.Build.0 = Debug|Any CPU
		{78BCD0F0-72EE-4957-9CC0-A44CB7FEF4E6}.Release|Any CPU.ActiveCfg = Release|Any CPU
		{78BCD0F0-72EE-4957-9CC0-A44CB7FEF4E6}.Release|Any CPU.Build.0 = Release|Any CPU
		{BF1209BC-9AE5-44B2-B5A5-AF15545EE699}.Debug|Any CPU.ActiveCfg = Debug|Any CPU
		{BF1209BC-9AE5-44B2-B5A5-AF15545EE699}.Debug|Any CPU.Build.0 = Debug|Any CPU
		{BF1209BC-9AE5-44B2-B5A5-AF15545EE699}.Release|Any CPU.ActiveCfg = Release|Any CPU
		{BF1209BC-9AE5-44B2-B5A5-AF15545EE699}.Release|Any CPU.Build.0 = Release|Any CPU
		{057AA342-16AA-4916-A6E0-9EFDE50493D1}.Debug|Any CPU.ActiveCfg = Debug|Any CPU
		{057AA342-16AA-4916-A6E0-9EFDE50493D1}.Debug|Any CPU.Build.0 = Debug|Any CPU
		{057AA342-16AA-4916-A6E0-9EFDE50493D1}.Release|Any CPU.ActiveCfg = Release|Any CPU
		{057AA342-16AA-4916-A6E0-9EFDE50493D1}.Release|Any CPU.Build.0 = Release|Any CPU
	EndGlobalSection
	GlobalSection(SolutionProperties) = preSolution
		HideSolutionNode = FALSE
	EndGlobalSection
	GlobalSection(NestedProjects) = preSolution
		{A44A53B2-9686-4E08-93EE-B41512A280B6} = {C095A33A-3DEE-4BD7-A951-96DE2D8CFB36}
		{545B19F4-CB53-47D7-8AF6-B345E0C71F0D} = {C095A33A-3DEE-4BD7-A951-96DE2D8CFB36}
		{BF1209BC-9AE5-44B2-B5A5-AF15545EE699} = {C095A33A-3DEE-4BD7-A951-96DE2D8CFB36}
	EndGlobalSection
	GlobalSection(ExtensibilityGlobals) = postSolution
		SolutionGuid = {D7F19645-793C-4136-AC24-E35BF5715AF1}
	EndGlobalSection
EndGlobal
